
Microsoft Visual Studio Solution File, Format Version 12.00
# Visual Studio 2013
VisualStudioVersion = 12.0.21005.1
MinimumVisualStudioVersion = 10.0.40219.1
Project("{8BC9CEB8-8B4A-11D0-8D11-00A0C91BC942}") = "11__22", "11__22\11__22.vcxproj", "{FCC6FFE2-86FA-420C-A98E-1435EC207C27}"
EndProject
Global
	GlobalSection(SolutionConfigurationPlatforms) = preSolution
		Debug|Win32 = Debug|Win32
		Release|Win32 = Release|Win32
	EndGlobalSection
	GlobalSection(ProjectConfigurationPlatforms) = postSolution
		{FCC6FFE2-86FA-420C-A98E-1435EC207C27}.Debug|Win32.ActiveCfg = Debug|Win32
		{FCC6FFE2-86FA-420C-A98E-1435EC207C27}.Debug|Win32.Build.0 = Debug|Win32
		{FCC6FFE2-86FA-420C-A98E-1435EC207C27}.Release|Win32.ActiveCfg = Release|Win32
		{FCC6FFE2-86FA-420C-A98E-1435EC207C27}.Release|Win32.Build.0 = Release|Win32
	EndGlobalSection
	GlobalSection(SolutionProperties) = preSolution
		HideSolutionNode = FALSE
	EndGlobalSection
EndGlobal
